Microsoft Visual Studio Solution File, Format Version 12.00
# Visual Studio 2012
Project("{FAE04EC0-301F-11D3-BF4B-00C04F79EFBC}") = "Maze Game Idea", "Maze Game Idea.csproj", "{F783A974-0C25-4E6D-BD29-8B24ED79C3AD}"
EndProject
Global
	GlobalSection(SolutionConfigurationPlatforms) = preSolution
	Debug|Any CPU = Debug|Any CPU
	ExportDebug|Any CPU = ExportDebug|Any CPU
	ExportRelease|Any CPU = ExportRelease|Any CPU
	EndGlobalSection
	GlobalSection(ProjectConfigurationPlatforms) = postSolution
		{F783A974-0C25-4E6D-BD29-8B24ED79C3AD}.Debug|Any CPU.ActiveCfg = Debug|Any CPU
		{F783A974-0C25-4E6D-BD29-8B24ED79C3AD}.Debug|Any CPU.Build.0 = Debug|Any CPU
		{F783A974-0C25-4E6D-BD29-8B24ED79C3AD}.ExportDebug|Any CPU.ActiveCfg = ExportDebug|Any CPU
		{F783A974-0C25-4E6D-BD29-8B24ED79C3AD}.ExportDebug|Any CPU.Build.0 = ExportDebug|Any CPU
		{F783A974-0C25-4E6D-BD29-8B24ED79C3AD}.ExportRelease|Any CPU.ActiveCfg = ExportRelease|Any CPU
		{F783A974-0C25-4E6D-BD29-8B24ED79C3AD}.ExportRelease|Any CPU.Build.0 = ExportRelease|Any CPU
	EndGlobalSection
EndGlobal
